// !$*UTF8*$!
{
	archiveVersion = 1;
	classes = {
	};
	objectVersion = 54;
	objects = {

/* Begin PBXBuildFile section */
		00E356F31AD99517003FC87E /* proyectoUnoTests.m in Sources */ = {isa = PBXBuildFile; fileRef = 00E356F21AD99517003FC87E /* proyectoUnoTests.m */; };
		13B07FBC1A68108700A75B9A /* AppDelegate.m in Sources */ = {isa = PBXBuildFile; fileRef = 13B07FB01A68108700A75B9A /* AppDelegate.m */; };
		13B07FBF1A68108700A75B9A /* Images.xcassets in Resources */ = {isa = PBXBuildFile; fileRef = 13B07FB51A68108700A75B9A /* Images.xcassets */; };
		13B07FC11A68108700A75B9A /* main.m in Sources */ = {isa = PBXBuildFile; fileRef = 13B07FB71A68108700A75B9A /* main.m */; };
		81AB9BB82411601600AC10FF /* LaunchScreen.storyboard in Resources */ = {isa = PBXBuildFile; fileRef = 81AB9BB72411601600AC10FF /* LaunchScreen.storyboard */; };
		C24D72BB2B2F4F6887D8764B /* Roboto-Black.ttf in Resources */ = {isa = PBXBuildFile; fileRef = 11A3883963FC4E8F9D6560F7 /* Roboto-Black.ttf */; };
		34DDB9C9DCF846E3AB331308 /* Roboto-BlackItalic.ttf in Resources */ = {isa = PBXBuildFile; fileRef = D13238D22BDB41D99B653A8A /* Roboto-BlackItalic.ttf */; };
		BE9FAFC3FC3D40AC8A5C5BA8 /* Roboto-Bold.ttf in Resources */ = {isa = PBXBuildFile; fileRef = 2ECA9074D7BF48018BFD7F0A /* Roboto-Bold.ttf */; };
		565E288195CE471586FB91AA /* Roboto-BoldItalic.ttf in Resources */ = {isa = PBXBuildFile; fileRef = 38BF391843E9421393DE091E /* Roboto-BoldItalic.ttf */; };
		C07F2340F5224BCB892B42A5 /* Roboto-Italic.ttf in Resources */ = {isa = PBXBuildFile; fileRef = 1210CBCFCAC14A67838DE9B4 /* Roboto-Italic.ttf */; };
		F02E249BA7C445B389EE7693 /* Roboto-Light.ttf in Resources */ = {isa = PBXBuildFile; fileRef = 2E977AE3499E427697368B61 /* Roboto-Light.ttf */; };
		417F721903844E6F8874FC7E /* Roboto-LightItalic.ttf in Resources */ = {isa = PBXBuildFile; fileRef = 4DCDF622B0E14189BD3B7BB0 /* Roboto-LightItalic.ttf */; };
		6866EAED399F438588505B41 /* Roboto-Medium.ttf in Resources */ = {isa = PBXBuildFile; fileRef = 5E89FD6602474C01A0D36C2C /* Roboto-Medium.ttf */; };
		EAA5CF03B35F4B56AC88F60F /* Roboto-MediumItalic.ttf in Resources */ = {isa = PBXBuildFile; fileRef = FF656667C9A745039417B367 /* Roboto-MediumItalic.ttf */; };
		4D77620A7FFA4044BFFC53DA /* Roboto-Regular.ttf in Resources */ = {isa = PBXBuildFile; fileRef = 1B985C00FF604E7EAFFE344A /* Roboto-Regular.ttf */; };
		D22EE637F51D4D60864D943D /* Roboto-Thin.ttf in Resources */ = {isa = PBXBuildFile; fileRef = 95D6ECBEF7C04D4BA60A174F /* Roboto-Thin.ttf */; };
		FBE2A917F67A492C8E6AF32E /* Roboto-ThinItalic.ttf in Resources */ = {isa = PBXBuildFile; fileRef = 79CFDED53AEB4D65BD4DE2DA /* Roboto-ThinItalic.ttf */; };
		80B394384DCB476CADD08F05 /* Raleway-Black.ttf in Resources */ = {isa = PBXBuildFile; fileRef = 03792D1BFB414A8D9E83ADA6 /* Raleway-Black.ttf */; };
		0044CC19919A4AF3882F227A /* Raleway-BlackItalic.ttf in Resources */ = {isa = PBXBuildFile; fileRef = 0C28C346753D44398A4D3D6F /* Raleway-BlackItalic.ttf */; };
		51FC3B71B0BF46A3A8D97132 /* Raleway-Bold.ttf in Resources */ = {isa = PBXBuildFile; fileRef = D100D8F779FA4EB6BB33DF6A /* Raleway-Bold.ttf */; };
		9853F9541FC64CA5B79F65C8 /* Raleway-BoldItalic.ttf in Resources */ = {isa = PBXBuildFile; fileRef = 6D9C8CC82E7240198016A883 /* Raleway-BoldItalic.ttf */; };
		51FB82469FA44426B0251818 /* Raleway-ExtraBold.ttf in Resources */ = {isa = PBXBuildFile; fileRef = DD0AE8F5000A4D6CB87C7801 /* Raleway-ExtraBold.ttf */; };
		0BC6A904372A424AB23B28F6 /* Raleway-ExtraBoldItalic.ttf in Resources */ = {isa = PBXBuildFile; fileRef = 9D251EA1B38746E5BAAE119F /* Raleway-ExtraBoldItalic.ttf */; };
		CC4523BE0DAD45F09399FD2D /* Raleway-ExtraLight.ttf in Resources */ = {isa = PBXBuildFile; fileRef = 52BA9D574DDC45A3A1391427 /* Raleway-ExtraLight.ttf */; };
		01F2030573574989A2C80880 /* Raleway-ExtraLightItalic.ttf in Resources */ = {isa = PBXBuildFile; fileRef = A8311B8A549B43EEBECED09D /* Raleway-ExtraLightItalic.ttf */; };
		BA724A3ED954461EAB53E3F1 /* Raleway-Italic.ttf in Resources */ = {isa = PBXBuildFile; fileRef = 6E3CB1E45EBA4B88B8A6A515 /* Raleway-Italic.ttf */; };
		15F4AAC827D043D58850C2DC /* Raleway-Light.ttf in Resources */ = {isa = PBXBuildFile; fileRef = 98D153AC93AB4C5A8D5C4A64 /* Raleway-Light.ttf */; };
		B1F9884B7AF847779BFD58BA /* Raleway-LightItalic.ttf in Resources */ = {isa = PBXBuildFile; fileRef = A9C8D5D0ECA149B1A758277C /* Raleway-LightItalic.ttf */; };
		20CC7A125D6048F2A3EC1C4A /* Raleway-Medium.ttf in Resources */ = {isa = PBXBuildFile; fileRef = 8ED0E09B361E407E9612C161 /* Raleway-Medium.ttf */; };
		25544EC2F3D4461A8810F262 /* Raleway-MediumItalic.ttf in Resources */ = {isa = PBXBuildFile; fileRef = 095BD11FC3A44718B583C956 /* Raleway-MediumItalic.ttf */; };
		7B3D0F81DD8A4F348122B46B /* Raleway-Regular.ttf in Resources */ = {isa = PBXBuildFile; fileRef = 73311567B3984877B8B50C04 /* Raleway-Regular.ttf */; };
		2B88C203266044449E1DDC6B /* Raleway-SemiBold.ttf in Resources */ = {isa = PBXBuildFile; fileRef = EC6FE1E00D2E4D0B887E38C8 /* Raleway-SemiBold.ttf */; };
		C716CA64589948E7ACCB279B /* Raleway-SemiBoldItalic.ttf in Resources */ = {isa = PBXBuildFile; fileRef = 3EC41497A12041A38A68C162 /* Raleway-SemiBoldItalic.ttf */; };
		5E63FF361752496CB9EF1F55 /* Raleway-Thin.ttf in Resources */ = {isa = PBXBuildFile; fileRef = 24EB32F70F17460CB2E1A7CB /* Raleway-Thin.ttf */; };
		0A8456BB2B42494FA7885BE9 /* Raleway-ThinItalic.ttf in Resources */ = {isa = PBXBuildFile; fileRef = 590D078E7D8E423B86FBB2E7 /* Raleway-ThinItalic.ttf */; };
		69C368D75DD54595914CDA3A /* AntDesign.ttf in Resources */ = {isa = PBXBuildFile; fileRef = DBB5E219C06445DB95E7E791 /* AntDesign.ttf */; };
		DBA5010FC84E49DEBB275260 /* Entypo.ttf in Resources */ = {isa = PBXBuildFile; fileRef = C9C5A64F31DB47F5A339534C /* Entypo.ttf */; };
		6031C8D9609A4453BF4503B4 /* EvilIcons.ttf in Resources */ = {isa = PBXBuildFile; fileRef = 4DCE8A90ED774278B58D2C0C /* EvilIcons.ttf */; };
		EF0B2F0E90DE4882A516AE18 /* Feather.ttf in Resources */ = {isa = PBXBuildFile; fileRef = 00FB388BC22440FFB1A38945 /* Feather.ttf */; };
		A7B28CBD4A63476C8E200B48 /* FontAwesome.ttf in Resources */ = {isa = PBXBuildFile; fileRef = 40540212BBCE4C539AF60D93 /* FontAwesome.ttf */; };
		5405DEE3E0D048ADB6712D4B /* FontAwesome5_Brands.ttf in Resources */ = {isa = PBXBuildFile; fileRef = A95C7B0DBB044CCE9A658CAF /* FontAwesome5_Brands.ttf */; };
		91293C75C3D44538818F62A6 /* FontAwesome5_Regular.ttf in Resources */ = {isa = PBXBuildFile; fileRef = B09281D5D80A49BF8D9A788F /* FontAwesome5_Regular.ttf */; };
		B85503B8363A48E2990B2E43 /* FontAwesome5_Solid.ttf in Resources */ = {isa = PBXBuildFile; fileRef = 3792793362BA4DF782330B32 /* FontAwesome5_Solid.ttf */; };
		B0181DA194934DC6AAAFFDF3 /* Fontisto.ttf in Resources */ = {isa = PBXBuildFile; fileRef = FAC54EB5C1924C6389979E80 /* Fontisto.ttf */; };
		E8D5270C8F60446F8E0C59C7 /* Foundation.ttf in Resources */ = {isa = PBXBuildFile; fileRef = 1A4CDF444ADC47C69BE60CD2 /* Foundation.ttf */; };
		7192545538DB4B8199F8D4D4 /* Ionicons.ttf in Resources */ = {isa = PBXBuildFile; fileRef = 5605C746A6084973A233C16E /* Ionicons.ttf */; };
		D3F55FC57E4C4DAD82C4665D /* MaterialCommunityIcons.ttf in Resources */ = {isa = PBXBuildFile; fileRef = 56D2F087857F44399FCC7A3D /* MaterialCommunityIcons.ttf */; };
		7CD7DCFE38874FBB82BE751C /* MaterialIcons.ttf in Resources */ = {isa = PBXBuildFile; fileRef = E5D60A30C4BC47C2948A6725 /* MaterialIcons.ttf */; };
		38E83CB51B0D42CC897C6682 /* Octicons.ttf in Resources */ = {isa = PBXBuildFile; fileRef = 4284C2902B6D49669AD92F9F /* Octicons.ttf */; };
		A8C6F630EFE94EEC9FD66FDB /* SimpleLineIcons.ttf in Resources */ = {isa = PBXBuildFile; fileRef = DC83F7FD717D4C00BDF209B2 /* SimpleLineIcons.ttf */; };
		A876A5BCA0D045F28C82C101 /* Zocial.ttf in Resources */ = {isa = PBXBuildFile; fileRef = 5C4F60631A7840CCBE059B95 /* Zocial.ttf */; };
/* End PBXBuildFile section */

/* Begin PBXContainerItemProxy section */
		00E356F41AD99517003FC87E /* PBXContainerItemProxy */ = {
			isa = PBXContainerItemProxy;
			containerPortal = 83CBB9F71A601CBA00E9B192 /* Project object */;
			proxyType = 1;
			remoteGlobalIDString = 13B07F861A680F5B00A75B9A;
			remoteInfo = proyectoUno;
		};
/* End PBXContainerItemProxy section */

/* Begin PBXFileReference section */
		00E356EE1AD99517003FC87E /* proyectoUnoTests.xctest */ = {isa = PBXFileReference; explicitFileType = wrapper.cfbundle; includeInIndex = 0; path = proyectoUnoTests.xctest; sourceTree = BUILT_PRODUCTS_DIR; };
		00E356F11AD99517003FC87E /* Info.plist */ = {isa = PBXFileReference; lastKnownFileType = text.plist.xml; path = Info.plist; sourceTree = "<group>"; };
		00E356F21AD99517003FC87E /* proyectoUnoTests.m */ = {isa = PBXFileReference; lastKnownFileType = sourcecode.c.objc; path = proyectoUnoTests.m; sourceTree = "<group>"; };
		13B07F961A680F5B00A75B9A /* proyectoUno.app */ = {isa = PBXFileReference; explicitFileType = wrapper.application; includeInIndex = 0; path = proyectoUno.app; sourceTree = BUILT_PRODUCTS_DIR; };
		13B07FAF1A68108700A75B9A /* AppDelegate.h */ = {isa = PBXFileReference; fileEncoding = 4; lastKnownFileType = sourcecode.c.h; name = AppDelegate.h; path = proyectoUno/AppDelegate.h; sourceTree = "<group>"; };
		13B07FB01A68108700A75B9A /* AppDelegate.m */ = {isa = PBXFileReference; fileEncoding = 4; lastKnownFileType = sourcecode.c.objc; name = AppDelegate.m; path = proyectoUno/AppDelegate.m; sourceTree = "<group>"; };
		13B07FB51A68108700A75B9A /* Images.xcassets */ = {isa = PBXFileReference; lastKnownFileType = folder.assetcatalog; name = Images.xcassets; path = proyectoUno/Images.xcassets; sourceTree = "<group>"; };
		13B07FB61A68108700A75B9A /* Info.plist */ = {isa = PBXFileReference; fileEncoding = 4; lastKnownFileType = text.plist.xml; name = Info.plist; path = proyectoUno/Info.plist; sourceTree = "<group>"; };
		13B07FB71A68108700A75B9A /* main.m */ = {isa = PBXFileReference; fileEncoding = 4; lastKnownFileType = sourcecode.c.objc; name = main.m; path = proyectoUno/main.m; sourceTree = "<group>"; };
		81AB9BB72411601600AC10FF /* LaunchScreen.storyboard */ = {isa = PBXFileReference; fileEncoding = 4; lastKnownFileType = file.storyboard; name = LaunchScreen.storyboard; path = proyectoUno/LaunchScreen.storyboard; sourceTree = "<group>"; };
		ED297162215061F000B7C4FE /* JavaScriptCore.framework */ = {isa = PBXFileReference; lastKnownFileType = wrapper.framework; name = JavaScriptCore.framework; path = System/Library/Frameworks/JavaScriptCore.framework; sourceTree = SDKROOT; };
		11A3883963FC4E8F9D6560F7 /* Roboto-Black.ttf */ = {isa = PBXFileReference; name = "Roboto-Black.ttf"; path = "../assets/fonts/Roboto-Black.ttf"; sourceTree = "<group>"; fileEncoding = undefined; lastKnownFileType = unknown; explicitFileType = undefined; includeInIndex = 0; };
		D13238D22BDB41D99B653A8A /* Roboto-BlackItalic.ttf */ = {isa = PBXFileReference; name = "Roboto-BlackItalic.ttf"; path = "../assets/fonts/Roboto-BlackItalic.ttf"; sourceTree = "<group>"; fileEncoding = undefined; lastKnownFileType = unknown; explicitFileType = undefined; includeInIndex = 0; };
		2ECA9074D7BF48018BFD7F0A /* Roboto-Bold.ttf */ = {isa = PBXFileReference; name = "Roboto-Bold.ttf"; path = "../assets/fonts/Roboto-Bold.ttf"; sourceTree = "<group>"; fileEncoding = undefined; lastKnownFileType = unknown; explicitFileType = undefined; includeInIndex = 0; };
		38BF391843E9421393DE091E /* Roboto-BoldItalic.ttf */ = {isa = PBXFileReference; name = "Roboto-BoldItalic.ttf"; path = "../assets/fonts/Roboto-BoldItalic.ttf"; sourceTree = "<group>"; fileEncoding = undefined; lastKnownFileType = unknown; explicitFileType = undefined; includeInIndex = 0; };
		1210CBCFCAC14A67838DE9B4 /* Roboto-Italic.ttf */ = {isa = PBXFileReference; name = "Roboto-Italic.ttf"; path = "../assets/fonts/Roboto-Italic.ttf"; sourceTree = "<group>"; fileEncoding = undefined; lastKnownFileType = unknown; explicitFileType = undefined; includeInIndex = 0; };
		2E977AE3499E427697368B61 /* Roboto-Light.ttf */ = {isa = PBXFileReference; name = "Roboto-Light.ttf"; path = "../assets/fonts/Roboto-Light.ttf"; sourceTree = "<group>"; fileEncoding = undefined; lastKnownFileType = unknown; explicitFileType = undefined; includeInIndex = 0; };
		4DCDF622B0E14189BD3B7BB0 /* Roboto-LightItalic.ttf */ = {isa = PBXFileReference; name = "Roboto-LightItalic.ttf"; path = "../assets/fonts/Roboto-LightItalic.ttf"; sourceTree = "<group>"; fileEncoding = undefined; lastKnownFileType = unknown; explicitFileType = undefined; includeInIndex = 0; };
		5E89FD6602474C01A0D36C2C /* Roboto-Medium.ttf */ = {isa = PBXFileReference; name = "Roboto-Medium.ttf"; path = "../assets/fonts/Roboto-Medium.ttf"; sourceTree = "<group>"; fileEncoding = undefined; lastKnownFileType = unknown; explicitFileType = undefined; includeInIndex = 0; };
		FF656667C9A745039417B367 /* Roboto-MediumItalic.ttf */ = {isa = PBXFileReference; name = "Roboto-MediumItalic.ttf"; path = "../assets/fonts/Roboto-MediumItalic.ttf"; sourceTree = "<group>"; fileEncoding = undefined; lastKnownFileType = unknown; explicitFileType = undefined; includeInIndex = 0; };
		1B985C00FF604E7EAFFE344A /* Roboto-Regular.ttf */ = {isa = PBXFileReference; name = "Roboto-Regular.ttf"; path = "../assets/fonts/Roboto-Regular.ttf"; sourceTree = "<group>"; fileEncoding = undefined; lastKnownFileType = unknown; explicitFileType = undefined; includeInIndex = 0; };
		95D6ECBEF7C04D4BA60A174F /* Roboto-Thin.ttf */ = {isa = PBXFileReference; name = "Roboto-Thin.ttf"; path = "../assets/fonts/Roboto-Thin.ttf"; sourceTree = "<group>"; fileEncoding = undefined; lastKnownFileType = unknown; explicitFileType = undefined; includeInIndex = 0; };
		79CFDED53AEB4D65BD4DE2DA /* Roboto-ThinItalic.ttf */ = {isa = PBXFileReference; name = "Roboto-ThinItalic.ttf"; path = "../assets/fonts/Roboto-ThinItalic.ttf"; sourceTree = "<group>"; fileEncoding = undefined; lastKnownFileType = unknown; explicitFileType = undefined; includeInIndex = 0; };
		03792D1BFB414A8D9E83ADA6 /* Raleway-Black.ttf */ = {isa = PBXFileReference; name = "Raleway-Black.ttf"; path = "../assets/fonts/Raleway-Black.ttf"; sourceTree = "<group>"; fileEncoding = undefined; lastKnownFileType = unknown; explicitFileType = undefined; includeInIndex = 0; };
		0C28C346753D44398A4D3D6F /* Raleway-BlackItalic.ttf */ = {isa = PBXFileReference; name = "Raleway-BlackItalic.ttf"; path = "../assets/fonts/Raleway-BlackItalic.ttf"; sourceTree = "<group>"; fileEncoding = undefined; lastKnownFileType = unknown; explicitFileType = undefined; includeInIndex = 0; };
		D100D8F779FA4EB6BB33DF6A /* Raleway-Bold.ttf */ = {isa = PBXFileReference; name = "Raleway-Bold.ttf"; path = "../assets/fonts/Raleway-Bold.ttf"; sourceTree = "<group>"; fileEncoding = undefined; lastKnownFileType = unknown; explicitFileType = undefined; includeInIndex = 0; };
		6D9C8CC82E7240198016A883 /* Raleway-BoldItalic.ttf */ = {isa = PBXFileReference; name = "Raleway-BoldItalic.ttf"; path = "../assets/fonts/Raleway-BoldItalic.ttf"; sourceTree = "<group>"; fileEncoding = undefined; lastKnownFileType = unknown; explicitFileType = undefined; includeInIndex = 0; };
		DD0AE8F5000A4D6CB87C7801 /* Raleway-ExtraBold.ttf */ = {isa = PBXFileReference; name = "Raleway-ExtraBold.ttf"; path = "../assets/fonts/Raleway-ExtraBold.ttf"; sourceTree = "<group>"; fileEncoding = undefined; lastKnownFileType = unknown; explicitFileType = undefined; includeInIndex = 0; };
		9D251EA1B38746E5BAAE119F /* Raleway-ExtraBoldItalic.ttf */ = {isa = PBXFileReference; name = "Raleway-ExtraBoldItalic.ttf"; path = "../assets/fonts/Raleway-ExtraBoldItalic.ttf"; sourceTree = "<group>"; fileEncoding = undefined; lastKnownFileType = unknown; explicitFileType = undefined; includeInIndex = 0; };
		52BA9D574DDC45A3A1391427 /* Raleway-ExtraLight.ttf */ = {isa = PBXFileReference; name = "Raleway-ExtraLight.ttf"; path = "../assets/fonts/Raleway-ExtraLight.ttf"; sourceTree = "<group>"; fileEncoding = undefined; lastKnownFileType = unknown; explicitFileType = undefined; includeInIndex = 0; };
		A8311B8A549B43EEBECED09D /* Raleway-ExtraLightItalic.ttf */ = {isa = PBXFileReference; name = "Raleway-ExtraLightItalic.ttf"; path = "../assets/fonts/Raleway-ExtraLightItalic.ttf"; sourceTree = "<group>"; fileEncoding = undefined; lastKnownFileType = unknown; explicitFileType = undefined; includeInIndex = 0; };
		6E3CB1E45EBA4B88B8A6A515 /* Raleway-Italic.ttf */ = {isa = PBXFileReference; name = "Raleway-Italic.ttf"; path = "../assets/fonts/Raleway-Italic.ttf"; sourceTree = "<group>"; fileEncoding = undefined; lastKnownFileType = unknown; explicitFileType = undefined; includeInIndex = 0; };
		98D153AC93AB4C5A8D5C4A64 /* Raleway-Light.ttf */ = {isa = PBXFileReference; name = "Raleway-Light.ttf"; path = "../assets/fonts/Raleway-Light.ttf"; sourceTree = "<group>"; fileEncoding = undefined; lastKnownFileType = unknown; explicitFileType = undefined; includeInIndex = 0; };
		A9C8D5D0ECA149B1A758277C /* Raleway-LightItalic.ttf */ = {isa = PBXFileReference; name = "Raleway-LightItalic.ttf"; path = "../assets/fonts/Raleway-LightItalic.ttf"; sourceTree = "<group>"; fileEncoding = undefined; lastKnownFileType = unknown; explicitFileType = undefined; includeInIndex = 0; };
		8ED0E09B361E407E9612C161 /* Raleway-Medium.ttf */ = {isa = PBXFileReference; name = "Raleway-Medium.ttf"; path = "../assets/fonts/Raleway-Medium.ttf"; sourceTree = "<group>"; fileEncoding = undefined; lastKnownFileType = unknown; explicitFileType = undefined; includeInIndex = 0; };
		095BD11FC3A44718B583C956 /* Raleway-MediumItalic.ttf */ = {isa = PBXFileReference; name = "Raleway-MediumItalic.ttf"; path = "../assets/fonts/Raleway-MediumItalic.ttf"; sourceTree = "<group>"; fileEncoding = undefined; lastKnownFileType = unknown; explicitFileType = undefined; includeInIndex = 0; };
		73311567B3984877B8B50C04 /* Raleway-Regular.ttf */ = {isa = PBXFileReference; name = "Raleway-Regular.ttf"; path = "../assets/fonts/Raleway-Regular.ttf"; sourceTree = "<group>"; fileEncoding = undefined; lastKnownFileType = unknown; explicitFileType = undefined; includeInIndex = 0; };
		EC6FE1E00D2E4D0B887E38C8 /* Raleway-SemiBold.ttf */ = {isa = PBXFileReference; name = "Raleway-SemiBold.ttf"; path = "../assets/fonts/Raleway-SemiBold.ttf"; sourceTree = "<group>"; fileEncoding = undefined; lastKnownFileType = unknown; explicitFileType = undefined; includeInIndex = 0; };
		3EC41497A12041A38A68C162 /* Raleway-SemiBoldItalic.ttf */ = {isa = PBXFileReference; name = "Raleway-SemiBoldItalic.ttf"; path = "../assets/fonts/Raleway-SemiBoldItalic.ttf"; sourceTree = "<group>"; fileEncoding = undefined; lastKnownFileType = unknown; explicitFileType = undefined; includeInIndex = 0; };
		24EB32F70F17460CB2E1A7CB /* Raleway-Thin.ttf */ = {isa = PBXFileReference; name = "Raleway-Thin.ttf"; path = "../assets/fonts/Raleway-Thin.ttf"; sourceTree = "<group>"; fileEncoding = undefined; lastKnownFileType = unknown; explicitFileType = undefined; includeInIndex = 0; };
		590D078E7D8E423B86FBB2E7 /* Raleway-ThinItalic.ttf */ = {isa = PBXFileReference; name = "Raleway-ThinItalic.ttf"; path = "../assets/fonts/Raleway-ThinItalic.ttf"; sourceTree = "<group>"; fileEncoding = undefined; lastKnownFileType = unknown; explicitFileType = undefined; includeInIndex = 0; };
		DBB5E219C06445DB95E7E791 /* AntDesign.ttf */ = {isa = PBXFileReference; name = "AntDesign.ttf"; path = "../node_modules/react-native-vector-icons/Fonts/AntDesign.ttf"; sourceTree = "<group>"; fileEncoding = undefined; lastKnownFileType = unknown; explicitFileType = undefined; includeInIndex = 0; };
		C9C5A64F31DB47F5A339534C /* Entypo.ttf */ = {isa = PBXFileReference; name = "Entypo.ttf"; path = "../node_modules/react-native-vector-icons/Fonts/Entypo.ttf"; sourceTree = "<group>"; fileEncoding = undefined; lastKnownFileType = unknown; explicitFileType = undefined; includeInIndex = 0; };
		4DCE8A90ED774278B58D2C0C /* EvilIcons.ttf */ = {isa = PBXFileReference; name = "EvilIcons.ttf"; path = "../node_modules/react-native-vector-icons/Fonts/EvilIcons.ttf"; sourceTree = "<group>"; fileEncoding = undefined; lastKnownFileType = unknown; explicitFileType = undefined; includeInIndex = 0; };
		00FB388BC22440FFB1A38945 /* Feather.ttf */ = {isa = PBXFileReference; name = "Feather.ttf"; path = "../node_modules/react-native-vector-icons/Fonts/Feather.ttf"; sourceTree = "<group>"; fileEncoding = undefined; lastKnownFileType = unknown; explicitFileType = undefined; includeInIndex = 0; };
		40540212BBCE4C539AF60D93 /* FontAwesome.ttf */ = {isa = PBXFileReference; name = "FontAwesome.ttf"; path = "../node_modules/react-native-vector-icons/Fonts/FontAwesome.ttf"; sourceTree = "<group>"; fileEncoding = undefined; lastKnownFileType = unknown; explicitFileType = undefined; includeInIndex = 0; };
		A95C7B0DBB044CCE9A658CAF /* FontAwesome5_Brands.ttf */ = {isa = PBXFileReference; name = "FontAwesome5_Brands.ttf"; path = "../node_modules/react-native-vector-icons/Fonts/FontAwesome5_Brands.ttf"; sourceTree = "<group>"; fileEncoding = undefined; lastKnownFileType = unknown; explicitFileType = undefined; includeInIndex = 0; };
		B09281D5D80A49BF8D9A788F /* FontAwesome5_Regular.ttf */ = {isa = PBXFileReference; name = "FontAwesome5_Regular.ttf"; path = "../node_modules/react-native-vector-icons/Fonts/FontAwesome5_Regular.ttf"; sourceTree = "<group>"; fileEncoding = undefined; lastKnownFileType = unknown; explicitFileType = undefined; includeInIndex = 0; };
		3792793362BA4DF782330B32 /* FontAwesome5_Solid.ttf */ = {isa = PBXFileReference; name = "FontAwesome5_Solid.ttf"; path = "../node_modules/react-native-vector-icons/Fonts/FontAwesome5_Solid.ttf"; sourceTree = "<group>"; fileEncoding = undefined; lastKnownFileType = unknown; explicitFileType = undefined; includeInIndex = 0; };
		FAC54EB5C1924C6389979E80 /* Fontisto.ttf */ = {isa = PBXFileReference; name = "Fontisto.ttf"; path = "../node_modules/react-native-vector-icons/Fonts/Fontisto.ttf"; sourceTree = "<group>"; fileEncoding = undefined; lastKnownFileType = unknown; explicitFileType = undefined; includeInIndex = 0; };
		1A4CDF444ADC47C69BE60CD2 /* Foundation.ttf */ = {isa = PBXFileReference; name = "Foundation.ttf"; path = "../node_modules/react-native-vector-icons/Fonts/Foundation.ttf"; sourceTree = "<group>"; fileEncoding = undefined; lastKnownFileType = unknown; explicitFileType = undefined; includeInIndex = 0; };
		5605C746A6084973A233C16E /* Ionicons.ttf */ = {isa = PBXFileReference; name = "Ionicons.ttf"; path = "../node_modules/react-native-vector-icons/Fonts/Ionicons.ttf"; sourceTree = "<group>"; fileEncoding = undefined; lastKnownFileType = unknown; explicitFileType = undefined; includeInIndex = 0; };
		56D2F087857F44399FCC7A3D /* MaterialCommunityIcons.ttf */ = {isa = PBXFileReference; name = "MaterialCommunityIcons.ttf"; path = "../node_modules/react-native-vector-icons/Fonts/MaterialCommunityIcons.ttf"; sourceTree = "<group>"; fileEncoding = undefined; lastKnownFileType = unknown; explicitFileType = undefined; includeInIndex = 0; };
		E5D60A30C4BC47C2948A6725 /* MaterialIcons.ttf */ = {isa = PBXFileReference; name = "MaterialIcons.ttf"; path = "../node_modules/react-native-vector-icons/Fonts/MaterialIcons.ttf"; sourceTree = "<group>"; fileEncoding = undefined; lastKnownFileType = unknown; explicitFileType = undefined; includeInIndex = 0; };
		4284C2902B6D49669AD92F9F /* Octicons.ttf */ = {isa = PBXFileReference; name = "Octicons.ttf"; path = "../node_modules/react-native-vector-icons/Fonts/Octicons.ttf"; sourceTree = "<group>"; fileEncoding = undefined; lastKnownFileType = unknown; explicitFileType = undefined; includeInIndex = 0; };
		DC83F7FD717D4C00BDF209B2 /* SimpleLineIcons.ttf */ = {isa = PBXFileReference; name = "SimpleLineIcons.ttf"; path = "../node_modules/react-native-vector-icons/Fonts/SimpleLineIcons.ttf"; sourceTree = "<group>"; fileEncoding = undefined; lastKnownFileType = unknown; explicitFileType = undefined; includeInIndex = 0; };
		5C4F60631A7840CCBE059B95 /* Zocial.ttf */ = {isa = PBXFileReference; name = "Zocial.ttf"; path = "../node_modules/react-native-vector-icons/Fonts/Zocial.ttf"; sourceTree = "<group>"; fileEncoding = undefined; lastKnownFileType = unknown; explicitFileType = undefined; includeInIndex = 0; };
/* End PBXFileReference section */

/* Begin PBXFrameworksBuildPhase section */
		00E356EB1AD99517003FC87E /* Frameworks */ = {
			isa = PBXFrameworksBuildPhase;
			buildActionMask = 2147483647;
			files = (
			);
			runOnlyForDeploymentPostprocessing = 0;
		};
		13B07F8C1A680F5B00A75B9A /* Frameworks */ = {
			isa = PBXFrameworksBuildPhase;
			buildActionMask = 2147483647;
			files = (
			);
			runOnlyForDeploymentPostprocessing = 0;
		};
/* End PBXFrameworksBuildPhase section */

/* Begin PBXGroup section */
		00E356EF1AD99517003FC87E /* proyectoUnoTests */ = {
			isa = PBXGroup;
			children = (
				00E356F21AD99517003FC87E /* proyectoUnoTests.m */,
				00E356F01AD99517003FC87E /* Supporting Files */,
			);
			path = proyectoUnoTests;
			sourceTree = "<group>";
		};
		00E356F01AD99517003FC87E /* Supporting Files */ = {
			isa = PBXGroup;
			children = (
				00E356F11AD99517003FC87E /* Info.plist */,
			);
			name = "Supporting Files";
			sourceTree = "<group>";
		};
		13B07FAE1A68108700A75B9A /* proyectoUno */ = {
			isa = PBXGroup;
			children = (
				13B07FAF1A68108700A75B9A /* AppDelegate.h */,
				13B07FB01A68108700A75B9A /* AppDelegate.m */,
				13B07FB51A68108700A75B9A /* Images.xcassets */,
				13B07FB61A68108700A75B9A /* Info.plist */,
				81AB9BB72411601600AC10FF /* LaunchScreen.storyboard */,
				13B07FB71A68108700A75B9A /* main.m */,
			);
			name = proyectoUno;
			sourceTree = "<group>";
		};
		2D16E6871FA4F8E400B85C8A /* Frameworks */ = {
			isa = PBXGroup;
			children = (
				ED297162215061F000B7C4FE /* JavaScriptCore.framework */,
			);
			name = Frameworks;
			sourceTree = "<group>";
		};
		832341AE1AAA6A7D00B99B32 /* Libraries */ = {
			isa = PBXGroup;
			children = (
			);
			name = Libraries;
			sourceTree = "<group>";
		};
		83CBB9F61A601CBA00E9B192 = {
			isa = PBXGroup;
			children = (
				13B07FAE1A68108700A75B9A /* proyectoUno */,
				832341AE1AAA6A7D00B99B32 /* Libraries */,
				00E356EF1AD99517003FC87E /* proyectoUnoTests */,
				83CBBA001A601CBA00E9B192 /* Products */,
				2D16E6871FA4F8E400B85C8A /* Frameworks */,
				513D962002E74FA19A4169DD /* Resources */,
			);
			indentWidth = 2;
			sourceTree = "<group>";
			tabWidth = 2;
			usesTabs = 0;
		};
		83CBBA001A601CBA00E9B192 /* Products */ = {
			isa = PBXGroup;
			children = (
				13B07F961A680F5B00A75B9A /* proyectoUno.app */,
				00E356EE1AD99517003FC87E /* proyectoUnoTests.xctest */,
			);
			name = Products;
			sourceTree = "<group>";
		};
		513D962002E74FA19A4169DD /* Resources */ = {
			isa = "PBXGroup";
			children = (
				11A3883963FC4E8F9D6560F7 /* Roboto-Black.ttf */,
				D13238D22BDB41D99B653A8A /* Roboto-BlackItalic.ttf */,
				2ECA9074D7BF48018BFD7F0A /* Roboto-Bold.ttf */,
				38BF391843E9421393DE091E /* Roboto-BoldItalic.ttf */,
				1210CBCFCAC14A67838DE9B4 /* Roboto-Italic.ttf */,
				2E977AE3499E427697368B61 /* Roboto-Light.ttf */,
				4DCDF622B0E14189BD3B7BB0 /* Roboto-LightItalic.ttf */,
				5E89FD6602474C01A0D36C2C /* Roboto-Medium.ttf */,
				FF656667C9A745039417B367 /* Roboto-MediumItalic.ttf */,
				1B985C00FF604E7EAFFE344A /* Roboto-Regular.ttf */,
				95D6ECBEF7C04D4BA60A174F /* Roboto-Thin.ttf */,
				79CFDED53AEB4D65BD4DE2DA /* Roboto-ThinItalic.ttf */,
				03792D1BFB414A8D9E83ADA6 /* Raleway-Black.ttf */,
				0C28C346753D44398A4D3D6F /* Raleway-BlackItalic.ttf */,
				D100D8F779FA4EB6BB33DF6A /* Raleway-Bold.ttf */,
				6D9C8CC82E7240198016A883 /* Raleway-BoldItalic.ttf */,
				DD0AE8F5000A4D6CB87C7801 /* Raleway-ExtraBold.ttf */,
				9D251EA1B38746E5BAAE119F /* Raleway-ExtraBoldItalic.ttf */,
				52BA9D574DDC45A3A1391427 /* Raleway-ExtraLight.ttf */,
				A8311B8A549B43EEBECED09D /* Raleway-ExtraLightItalic.ttf */,
				6E3CB1E45EBA4B88B8A6A515 /* Raleway-Italic.ttf */,
				98D153AC93AB4C5A8D5C4A64 /* Raleway-Light.ttf */,
				A9C8D5D0ECA149B1A758277C /* Raleway-LightItalic.ttf */,
				8ED0E09B361E407E9612C161 /* Raleway-Medium.ttf */,
				095BD11FC3A44718B583C956 /* Raleway-MediumItalic.ttf */,
				73311567B3984877B8B50C04 /* Raleway-Regular.ttf */,
				EC6FE1E00D2E4D0B887E38C8 /* Raleway-SemiBold.ttf */,
				3EC41497A12041A38A68C162 /* Raleway-SemiBoldItalic.ttf */,
				24EB32F70F17460CB2E1A7CB /* Raleway-Thin.ttf */,
				590D078E7D8E423B86FBB2E7 /* Raleway-ThinItalic.ttf */,
				DBB5E219C06445DB95E7E791 /* AntDesign.ttf */,
				C9C5A64F31DB47F5A339534C /* Entypo.ttf */,
				4DCE8A90ED774278B58D2C0C /* EvilIcons.ttf */,
				00FB388BC22440FFB1A38945 /* Feather.ttf */,
				40540212BBCE4C539AF60D93 /* FontAwesome.ttf */,
				A95C7B0DBB044CCE9A658CAF /* FontAwesome5_Brands.ttf */,
				B09281D5D80A49BF8D9A788F /* FontAwesome5_Regular.ttf */,
				3792793362BA4DF782330B32 /* FontAwesome5_Solid.ttf */,
				FAC54EB5C1924C6389979E80 /* Fontisto.ttf */,
				1A4CDF444ADC47C69BE60CD2 /* Foundation.ttf */,
				5605C746A6084973A233C16E /* Ionicons.ttf */,
				56D2F087857F44399FCC7A3D /* MaterialCommunityIcons.ttf */,
				E5D60A30C4BC47C2948A6725 /* MaterialIcons.ttf */,
				4284C2902B6D49669AD92F9F /* Octicons.ttf */,
				DC83F7FD717D4C00BDF209B2 /* SimpleLineIcons.ttf */,
				5C4F60631A7840CCBE059B95 /* Zocial.ttf */,
			);
			name = Resources;
			sourceTree = "<group>";
			path = "";
		};
/* End PBXGroup section */

/* Begin PBXNativeTarget section */
		00E356ED1AD99517003FC87E /* proyectoUnoTests */ = {
			isa = PBXNativeTarget;
			buildConfigurationList = 00E357021AD99517003FC87E /* Build configuration list for PBXNativeTarget "proyectoUnoTests" */;
			buildPhases = (
				00E356EA1AD99517003FC87E /* Sources */,
				00E356EB1AD99517003FC87E /* Frameworks */,
				00E356EC1AD99517003FC87E /* Resources */,
			);
			buildRules = (
			);
			dependencies = (
				00E356F51AD99517003FC87E /* PBXTargetDependency */,
			);
			name = proyectoUnoTests;
			productName = proyectoUnoTests;
			productReference = 00E356EE1AD99517003FC87E /* proyectoUnoTests.xctest */;
			productType = "com.apple.product-type.bundle.unit-test";
		};
		13B07F861A680F5B00A75B9A /* proyectoUno */ = {
			isa = PBXNativeTarget;
			buildConfigurationList = 13B07F931A680F5B00A75B9A /* Build configuration list for PBXNativeTarget "proyectoUno" */;
			buildPhases = (
				FD10A7F022414F080027D42C /* Start Packager */,
				13B07F871A680F5B00A75B9A /* Sources */,
				13B07F8C1A680F5B00A75B9A /* Frameworks */,
				13B07F8E1A680F5B00A75B9A /* Resources */,
				00DD1BFF1BD5951E006B06BC /* Bundle React Native code and images */,
			);
			buildRules = (
			);
			dependencies = (
			);
			name = proyectoUno;
			productName = proyectoUno;
			productReference = 13B07F961A680F5B00A75B9A /* proyectoUno.app */;
			productType = "com.apple.product-type.application";
		};
/* End PBXNativeTarget section */

/* Begin PBXProject section */
		83CBB9F71A601CBA00E9B192 /* Project object */ = {
			isa = PBXProject;
			attributes = {
				LastUpgradeCheck = 1210;
				TargetAttributes = {
					00E356ED1AD99517003FC87E = {
						CreatedOnToolsVersion = 6.2;
						TestTargetID = 13B07F861A680F5B00A75B9A;
					};
					13B07F861A680F5B00A75B9A = {
						LastSwiftMigration = 1120;
					};
				};
			};
			buildConfigurationList = 83CBB9FA1A601CBA00E9B192 /* Build configuration list for PBXProject "proyectoUno" */;
			compatibilityVersion = "Xcode 12.0";
			developmentRegion = en;
			hasScannedForEncodings = 0;
			knownRegions = (
				en,
				Base,
			);
			mainGroup = 83CBB9F61A601CBA00E9B192;
			productRefGroup = 83CBBA001A601CBA00E9B192 /* Products */;
			projectDirPath = "";
			projectRoot = "";
			targets = (
				13B07F861A680F5B00A75B9A /* proyectoUno */,
				00E356ED1AD99517003FC87E /* proyectoUnoTests */,
			);
		};
/* End PBXProject section */

/* Begin PBXResourcesBuildPhase section */
		00E356EC1AD99517003FC87E /* Resources */ = {
			isa = PBXResourcesBuildPhase;
			buildActionMask = 2147483647;
			files = (
			);
			runOnlyForDeploymentPostprocessing = 0;
		};
		13B07F8E1A680F5B00A75B9A /* Resources */ = {
			isa = PBXResourcesBuildPhase;
			buildActionMask = 2147483647;
			files = (
				81AB9BB82411601600AC10FF /* LaunchScreen.storyboard in Resources */,
				13B07FBF1A68108700A75B9A /* Images.xcassets in Resources */,
				C24D72BB2B2F4F6887D8764B /* Roboto-Black.ttf in Resources */,
				34DDB9C9DCF846E3AB331308 /* Roboto-BlackItalic.ttf in Resources */,
				BE9FAFC3FC3D40AC8A5C5BA8 /* Roboto-Bold.ttf in Resources */,
				565E288195CE471586FB91AA /* Roboto-BoldItalic.ttf in Resources */,
				C07F2340F5224BCB892B42A5 /* Roboto-Italic.ttf in Resources */,
				F02E249BA7C445B389EE7693 /* Roboto-Light.ttf in Resources */,
				417F721903844E6F8874FC7E /* Roboto-LightItalic.ttf in Resources */,
				6866EAED399F438588505B41 /* Roboto-Medium.ttf in Resources */,
				EAA5CF03B35F4B56AC88F60F /* Roboto-MediumItalic.ttf in Resources */,
				4D77620A7FFA4044BFFC53DA /* Roboto-Regular.ttf in Resources */,
				D22EE637F51D4D60864D943D /* Roboto-Thin.ttf in Resources */,
				FBE2A917F67A492C8E6AF32E /* Roboto-ThinItalic.ttf in Resources */,
				80B394384DCB476CADD08F05 /* Raleway-Black.ttf in Resources */,
				0044CC19919A4AF3882F227A /* Raleway-BlackItalic.ttf in Resources */,
				51FC3B71B0BF46A3A8D97132 /* Raleway-Bold.ttf in Resources */,
				9853F9541FC64CA5B79F65C8 /* Raleway-BoldItalic.ttf in Resources */,
				51FB82469FA44426B0251818 /* Raleway-ExtraBold.ttf in Resources */,
				0BC6A904372A424AB23B28F6 /* Raleway-ExtraBoldItalic.ttf in Resources */,
				CC4523BE0DAD45F09399FD2D /* Raleway-ExtraLight.ttf in Resources */,
				01F2030573574989A2C80880 /* Raleway-ExtraLightItalic.ttf in Resources */,
				BA724A3ED954461EAB53E3F1 /* Raleway-Italic.ttf in Resources */,
				15F4AAC827D043D58850C2DC /* Raleway-Light.ttf in Resources */,
				B1F9884B7AF847779BFD58BA /* Raleway-LightItalic.ttf in Resources */,
				20CC7A125D6048F2A3EC1C4A /* Raleway-Medium.ttf in Resources */,
				25544EC2F3D4461A8810F262 /* Raleway-MediumItalic.ttf in Resources */,
				7B3D0F81DD8A4F348122B46B /* Raleway-Regular.ttf in Resources */,
				2B88C203266044449E1DDC6B /* Raleway-SemiBold.ttf in Resources */,
				C716CA64589948E7ACCB279B /* Raleway-SemiBoldItalic.ttf in Resources */,
				5E63FF361752496CB9EF1F55 /* Raleway-Thin.ttf in Resources */,
				0A8456BB2B42494FA7885BE9 /* Raleway-ThinItalic.ttf in Resources */,
				69C368D75DD54595914CDA3A /* AntDesign.ttf in Resources */,
				DBA5010FC84E49DEBB275260 /* Entypo.ttf in Resources */,
				6031C8D9609A4453BF4503B4 /* EvilIcons.ttf in Resources */,
				EF0B2F0E90DE4882A516AE18 /* Feather.ttf in Resources */,
				A7B28CBD4A63476C8E200B48 /* FontAwesome.ttf in Resources */,
				5405DEE3E0D048ADB6712D4B /* FontAwesome5_Brands.ttf in Resources */,
				91293C75C3D44538818F62A6 /* FontAwesome5_Regular.ttf in Resources */,
				B85503B8363A48E2990B2E43 /* FontAwesome5_Solid.ttf in Resources */,
				B0181DA194934DC6AAAFFDF3 /* Fontisto.ttf in Resources */,
				E8D5270C8F60446F8E0C59C7 /* Foundation.ttf in Resources */,
				7192545538DB4B8199F8D4D4 /* Ionicons.ttf in Resources */,
				D3F55FC57E4C4DAD82C4665D /* MaterialCommunityIcons.ttf in Resources */,
				7CD7DCFE38874FBB82BE751C /* MaterialIcons.ttf in Resources */,
				38E83CB51B0D42CC897C6682 /* Octicons.ttf in Resources */,
				A8C6F630EFE94EEC9FD66FDB /* SimpleLineIcons.ttf in Resources */,
				A876A5BCA0D045F28C82C101 /* Zocial.ttf in Resources */,
			);
			runOnlyForDeploymentPostprocessing = 0;
		};
/* End PBXResourcesBuildPhase section */

/* Begin PBXShellScriptBuildPhase section */
		00DD1BFF1BD5951E006B06BC /* Bundle React Native code and images */ = {
			isa = PBXShellScriptBuildPhase;
			buildActionMask = 2147483647;
			files = (
			);
			inputPaths = (
			);
			name = "Bundle React Native code and images";
			outputPaths = (
			);
			runOnlyForDeploymentPostprocessing = 0;
			shellPath = /bin/sh;
			shellScript = "set -e\n\nexport NODE_BINARY=node\n../node_modules/react-native/scripts/react-native-xcode.sh\n";
		};
		FD10A7F022414F080027D42C /* Start Packager */ = {
			isa = PBXShellScriptBuildPhase;
			buildActionMask = 2147483647;
			files = (
			);
			inputFileListPaths = (
			);
			inputPaths = (
			);
			name = "Start Packager";
			outputFileListPaths = (
			);
			outputPaths = (
			);
			runOnlyForDeploymentPostprocessing = 0;
			shellPath = /bin/sh;
			shellScript = "export RCT_METRO_PORT=\"${RCT_METRO_PORT:=8081}\"\necho \"export RCT_METRO_PORT=${RCT_METRO_PORT}\" > \"${SRCROOT}/../node_modules/react-native/scripts/.packager.env\"\nif [ -z \"${RCT_NO_LAUNCH_PACKAGER+xxx}\" ] ; then\n  if nc -w 5 -z localhost ${RCT_METRO_PORT} ; then\n    if ! curl -s \"http://localhost:${RCT_METRO_PORT}/status\" | grep -q \"packager-status:running\" ; then\n      echo \"Port ${RCT_METRO_PORT} already in use, packager is either not running or not running correctly\"\n      exit 2\n    fi\n  else\n    open \"$SRCROOT/../node_modules/react-native/scripts/launchPackager.command\" || echo \"Can't start packager automatically\"\n  fi\nfi\n";
			showEnvVarsInLog = 0;
		};
/* End PBXShellScriptBuildPhase section */

/* Begin PBXSourcesBuildPhase section */
		00E356EA1AD99517003FC87E /* Sources */ = {
			isa = PBXSourcesBuildPhase;
			buildActionMask = 2147483647;
			files = (
				00E356F31AD99517003FC87E /* proyectoUnoTests.m in Sources */,
			);
			runOnlyForDeploymentPostprocessing = 0;
		};
		13B07F871A680F5B00A75B9A /* Sources */ = {
			isa = PBXSourcesBuildPhase;
			buildActionMask = 2147483647;
			files = (
				13B07FBC1A68108700A75B9A /* AppDelegate.m in Sources */,
				13B07FC11A68108700A75B9A /* main.m in Sources */,
			);
			runOnlyForDeploymentPostprocessing = 0;
		};
/* End PBXSourcesBuildPhase section */

/* Begin PBXTargetDependency section */
		00E356F51AD99517003FC87E /* PBXTargetDependency */ = {
			isa = PBXTargetDependency;
			target = 13B07F861A680F5B00A75B9A /* proyectoUno */;
			targetProxy = 00E356F41AD99517003FC87E /* PBXContainerItemProxy */;
		};
/* End PBXTargetDependency section */

/* Begin XCBuildConfiguration section */
		00E356F61AD99517003FC87E /* Debug */ = {
			isa = XCBuildConfiguration;
			buildSettings = {
				BUNDLE_LOADER = "$(TEST_HOST)";
				GCC_PREPROCESSOR_DEFINITIONS = (
					"DEBUG=1",
					"$(inherited)",
				);
				INFOPLIST_FILE = proyectoUnoTests/Info.plist;
				IPHONEOS_DEPLOYMENT_TARGET = 11.0;
				LD_RUNPATH_SEARCH_PATHS = (
					"$(inherited)",
					"@executable_path/Frameworks",
					"@loader_path/Frameworks",
				);
				OTHER_LDFLAGS = (
					"-ObjC",
					"-lc++",
					"$(inherited)",
				);
				PRODUCT_BUNDLE_IDENTIFIER = "org.reactjs.native.example.$(PRODUCT_NAME:rfc1034identifier)";
				PRODUCT_NAME = "$(TARGET_NAME)";
				TEST_HOST = "$(BUILT_PRODUCTS_DIR)/proyectoUno.app/proyectoUno";
			};
			name = Debug;
		};
		00E356F71AD99517003FC87E /* Release */ = {
			isa = XCBuildConfiguration;
			buildSettings = {
				BUNDLE_LOADER = "$(TEST_HOST)";
				COPY_PHASE_STRIP = NO;
				INFOPLIST_FILE = proyectoUnoTests/Info.plist;
				IPHONEOS_DEPLOYMENT_TARGET = 11.0;
				LD_RUNPATH_SEARCH_PATHS = (
					"$(inherited)",
					"@executable_path/Frameworks",
					"@loader_path/Frameworks",
				);
				OTHER_LDFLAGS = (
					"-ObjC",
					"-lc++",
					"$(inherited)",
				);
				PRODUCT_BUNDLE_IDENTIFIER = "org.reactjs.native.example.$(PRODUCT_NAME:rfc1034identifier)";
				PRODUCT_NAME = "$(TARGET_NAME)";
				TEST_HOST = "$(BUILT_PRODUCTS_DIR)/proyectoUno.app/proyectoUno";
			};
			name = Release;
		};
		13B07F941A680F5B00A75B9A /* Debug */ = {
			isa = XCBuildConfiguration;
			buildSettings = {
				ASSETCATALOG_COMPILER_APPICON_NAME = AppIcon;
				CLANG_ENABLE_MODULES = YES;
				CURRENT_PROJECT_VERSION = 1;
				ENABLE_BITCODE = NO;
				INFOPLIST_FILE = proyectoUno/Info.plist;
				LD_RUNPATH_SEARCH_PATHS = (
					"$(inherited)",
					"@executable_path/Frameworks",
				);
				OTHER_LDFLAGS = (
					"$(inherited)",
					"-ObjC",
					"-lc++",
				);
				PRODUCT_BUNDLE_IDENTIFIER = "org.reactjs.native.example.$(PRODUCT_NAME:rfc1034identifier)";
				PRODUCT_NAME = proyectoUno;
				SWIFT_OPTIMIZATION_LEVEL = "-Onone";
				SWIFT_VERSION = 5.0;
				VERSIONING_SYSTEM = "apple-generic";
			};
			name = Debug;
		};
		13B07F951A680F5B00A75B9A /* Release */ = {
			isa = XCBuildConfiguration;
			buildSettings = {
				ASSETCATALOG_COMPILER_APPICON_NAME = AppIcon;
				CLANG_ENABLE_MODULES = YES;
				CURRENT_PROJECT_VERSION = 1;
				INFOPLIST_FILE = proyectoUno/Info.plist;
				LD_RUNPATH_SEARCH_PATHS = (
					"$(inherited)",
					"@executable_path/Frameworks",
				);
				OTHER_LDFLAGS = (
					"$(inherited)",
					"-ObjC",
					"-lc++",
				);
				PRODUCT_BUNDLE_IDENTIFIER = "org.reactjs.native.example.$(PRODUCT_NAME:rfc1034identifier)";
				PRODUCT_NAME = proyectoUno;
				SWIFT_VERSION = 5.0;
				VERSIONING_SYSTEM = "apple-generic";
			};
			name = Release;
		};
		83CBBA201A601CBA00E9B192 /* Debug */ = {
			isa = XCBuildConfiguration;
			buildSettings = {
				ALWAYS_SEARCH_USER_PATHS = NO;
				CLANG_ANALYZER_LOCALIZABILITY_NONLOCALIZED = YES;
				CLANG_CXX_LANGUAGE_STANDARD = "gnu++0x";
				CLANG_CXX_LIBRARY = "libc++";
				CLANG_ENABLE_MODULES = YES;
				CLANG_ENABLE_OBJC_ARC = YES;
				CLANG_WARN_BLOCK_CAPTURE_AUTORELEASING = YES;
				CLANG_WARN_BOOL_CONVERSION = YES;
				CLANG_WARN_COMMA = YES;
				CLANG_WARN_CONSTANT_CONVERSION = YES;
				CLANG_WARN_DEPRECATED_OBJC_IMPLEMENTATIONS = YES;
				CLANG_WARN_DIRECT_OBJC_ISA_USAGE = YES_ERROR;
				CLANG_WARN_EMPTY_BODY = YES;
				CLANG_WARN_ENUM_CONVERSION = YES;
				CLANG_WARN_INFINITE_RECURSION = YES;
				CLANG_WARN_INT_CONVERSION = YES;
				CLANG_WARN_NON_LITERAL_NULL_CONVERSION = YES;
				CLANG_WARN_OBJC_IMPLICIT_RETAIN_SELF = YES;
				CLANG_WARN_OBJC_LITERAL_CONVERSION = YES;
				CLANG_WARN_OBJC_ROOT_CLASS = YES_ERROR;
				CLANG_WARN_QUOTED_INCLUDE_IN_FRAMEWORK_HEADER = YES;
				CLANG_WARN_RANGE_LOOP_ANALYSIS = YES;
				CLANG_WARN_STRICT_PROTOTYPES = YES;
				CLANG_WARN_SUSPICIOUS_MOVE = YES;
				CLANG_WARN_UNREACHABLE_CODE = YES;
				CLANG_WARN__DUPLICATE_METHOD_MATCH = YES;
				"CODE_SIGN_IDENTITY[sdk=iphoneos*]" = "iPhone Developer";
				COPY_PHASE_STRIP = NO;
				ENABLE_STRICT_OBJC_MSGSEND = YES;
				ENABLE_TESTABILITY = YES;
				GCC_C_LANGUAGE_STANDARD = gnu99;
				GCC_DYNAMIC_NO_PIC = NO;
				GCC_NO_COMMON_BLOCKS = YES;
				GCC_OPTIMIZATION_LEVEL = 0;
				GCC_PREPROCESSOR_DEFINITIONS = (
					"DEBUG=1",
					"$(inherited)",
				);
				GCC_SYMBOLS_PRIVATE_EXTERN = NO;
				GCC_WARN_64_TO_32_BIT_CONVERSION = YES;
				GCC_WARN_ABOUT_RETURN_TYPE = YES_ERROR;
				GCC_WARN_UNDECLARED_SELECTOR = YES;
				GCC_WARN_UNINITIALIZED_AUTOS = YES_AGGRESSIVE;
				GCC_WARN_UNUSED_FUNCTION = YES;
				GCC_WARN_UNUSED_VARIABLE = YES;
				IPHONEOS_DEPLOYMENT_TARGET = 11.0;
				LD_RUNPATH_SEARCH_PATHS = (
					/usr/lib/swift,
					"$(inherited)",
				);
				LIBRARY_SEARCH_PATHS = (
					"\"$(TOOLCHAIN_DIR)/usr/lib/swift/$(PLATFORM_NAME)\"",
					"\"$(TOOLCHAIN_DIR)/usr/lib/swift-5.0/$(PLATFORM_NAME)\"",
					"\"$(inherited)\"",
				);
				MTL_ENABLE_DEBUG_INFO = YES;
				ONLY_ACTIVE_ARCH = YES;
				SDKROOT = iphoneos;
			};
			name = Debug;
		};
		83CBBA211A601CBA00E9B192 /* Release */ = {
			isa = XCBuildConfiguration;
			buildSettings = {
				ALWAYS_SEARCH_USER_PATHS = NO;
				CLANG_ANALYZER_LOCALIZABILITY_NONLOCALIZED = YES;
				CLANG_CXX_LANGUAGE_STANDARD = "gnu++0x";
				CLANG_CXX_LIBRARY = "libc++";
				CLANG_ENABLE_MODULES = YES;
				CLANG_ENABLE_OBJC_ARC = YES;
				CLANG_WARN_BLOCK_CAPTURE_AUTORELEASING = YES;
				CLANG_WARN_BOOL_CONVERSION = YES;
				CLANG_WARN_COMMA = YES;
				CLANG_WARN_CONSTANT_CONVERSION = YES;
				CLANG_WARN_DEPRECATED_OBJC_IMPLEMENTATIONS = YES;
				CLANG_WARN_DIRECT_OBJC_ISA_USAGE = YES_ERROR;
				CLANG_WARN_EMPTY_BODY = YES;
				CLANG_WARN_ENUM_CONVERSION = YES;
				CLANG_WARN_INFINITE_RECURSION = YES;
				CLANG_WARN_INT_CONVERSION = YES;
				CLANG_WARN_NON_LITERAL_NULL_CONVERSION = YES;
				CLANG_WARN_OBJC_IMPLICIT_RETAIN_SELF = YES;
				CLANG_WARN_OBJC_LITERAL_CONVERSION = YES;
				CLANG_WARN_OBJC_ROOT_CLASS = YES_ERROR;
				CLANG_WARN_QUOTED_INCLUDE_IN_FRAMEWORK_HEADER = YES;
				CLANG_WARN_RANGE_LOOP_ANALYSIS = YES;
				CLANG_WARN_STRICT_PROTOTYPES = YES;
				CLANG_WARN_SUSPICIOUS_MOVE = YES;
				CLANG_WARN_UNREACHABLE_CODE = YES;
				CLANG_WARN__DUPLICATE_METHOD_MATCH = YES;
				"CODE_SIGN_IDENTITY[sdk=iphoneos*]" = "iPhone Developer";
				COPY_PHASE_STRIP = YES;
				ENABLE_NS_ASSERTIONS = NO;
				ENABLE_STRICT_OBJC_MSGSEND = YES;
				GCC_C_LANGUAGE_STANDARD = gnu99;
				GCC_NO_COMMON_BLOCKS = YES;
				GCC_WARN_64_TO_32_BIT_CONVERSION = YES;
				GCC_WARN_ABOUT_RETURN_TYPE = YES_ERROR;
				GCC_WARN_UNDECLARED_SELECTOR = YES;
				GCC_WARN_UNINITIALIZED_AUTOS = YES_AGGRESSIVE;
				GCC_WARN_UNUSED_FUNCTION = YES;
				GCC_WARN_UNUSED_VARIABLE = YES;
				IPHONEOS_DEPLOYMENT_TARGET = 11.0;
				LD_RUNPATH_SEARCH_PATHS = (
					/usr/lib/swift,
					"$(inherited)",
				);
				LIBRARY_SEARCH_PATHS = (
					"\"$(TOOLCHAIN_DIR)/usr/lib/swift/$(PLATFORM_NAME)\"",
					"\"$(TOOLCHAIN_DIR)/usr/lib/swift-5.0/$(PLATFORM_NAME)\"",
					"\"$(inherited)\"",
				);
				MTL_ENABLE_DEBUG_INFO = NO;
				SDKROOT = iphoneos;
				VALIDATE_PRODUCT = YES;
			};
			name = Release;
		};
/* End XCBuildConfiguration section */

/* Begin XCConfigurationList section */
		00E357021AD99517003FC87E /* Build configuration list for PBXNativeTarget "proyectoUnoTests" */ = {
			isa = XCConfigurationList;
			buildConfigurations = (
				00E356F61AD99517003FC87E /* Debug */,
				00E356F71AD99517003FC87E /* Release */,
			);
			defaultConfigurationIsVisible = 0;
			defaultConfigurationName = Release;
		};
		13B07F931A680F5B00A75B9A /* Build configuration list for PBXNativeTarget "proyectoUno" */ = {
			isa = XCConfigurationList;
			buildConfigurations = (
				13B07F941A680F5B00A75B9A /* Debug */,
				13B07F951A680F5B00A75B9A /* Release */,
			);
			defaultConfigurationIsVisible = 0;
			defaultConfigurationName = Release;
		};
		83CBB9FA1A601CBA00E9B192 /* Build configuration list for PBXProject "proyectoUno" */ = {
			isa = XCConfigurationList;
			buildConfigurations = (
				83CBBA201A601CBA00E9B192 /* Debug */,
				83CBBA211A601CBA00E9B192 /* Release */,
			);
			defaultConfigurationIsVisible = 0;
			defaultConfigurationName = Release;
		};
/* End XCConfigurationList section */
	};
	rootObject = 83CBB9F71A601CBA00E9B192 /* Project object */;
}
